
Microsoft Visual Studio Solution File, Format Version 12.00
# Visual Studio Version 16
VisualStudioVersion = 16.0.30804.86
MinimumVisualStudioVersion = 10.0.40219.1
Project("{FAE04EC0-301F-11D3-BF4B-00C04F79EFBC}") = "PoliWebSearch.DatabaseFunctions", "PoliWebSearch.DatabaseFunctions\PoliWebSearch.DatabaseFunctions.csproj", "{D2F2F1F5-D9CB-4A1B-BCEA-5DCD7D830436}"
EndProject
Global
	GlobalSection(SolutionConfigurationPlatforms) = preSolution
		Debug|Any CPU = Debug|Any CPU
		Release|Any CPU = Release|Any CPU
	EndGlobalSection
	GlobalSection(ProjectConfigurationPlatforms) = postSolution
		{D2F2F1F5-D9CB-4A1B-BCEA-5DCD7D830436}.Debug|Any CPU.ActiveCfg = Debug|Any CPU
		{D2F2F1F5-D9CB-4A1B-BCEA-5DCD7D830436}.Debug|Any CPU.Build.0 = Debug|Any CPU
		{D2F2F1F5-D9CB-4A1B-BCEA-5DCD7D830436}.Release|Any CPU.ActiveCfg = Release|Any CPU
		{D2F2F1F5-D9CB-4A1B-BCEA-5DCD7D830436}.Release|Any CPU.Build.0 = Release|Any CPU
	EndGlobalSection
	GlobalSection(SolutionProperties) = preSolution
		HideSolutionNode = FALSE
	EndGlobalSection
	GlobalSection(ExtensibilityGlobals) = postSolution
		SolutionGuid = {8C67280D-FCE4-4387-9CE7-F3D71D5EE684}
	EndGlobalSection
EndGlobal
